
Microsoft Visual Studio Solution File, Format Version 12.00
# Visual Studio Version 17
VisualStudioVersion = 17.9.34616.47
MinimumVisualStudioVersion = 10.0.40219.1
Project("{2150E333-8FDC-42A3-9474-1A3956D46DE8}") = "BankingAccount", "BankingAccount", "{871D323D-B714-4A54-990D-80FD3D933EFD}"
EndProject
Project("{2150E333-8FDC-42A3-9474-1A3956D46DE8}") = "MIcroservices", "MIcroservices", "{1E7A62E1-3617-4915-9617-782B2DB2DB35}"
EndProject
Project("{2150E333-8FDC-42A3-9474-1A3956D46DE8}") = "CQRS", "CQRS", "{5649081D-B9DA-4E3D-A61B-DCE1E5180478}"
EndProject
Project("{2150E333-8FDC-42A3-9474-1A3956D46DE8}") = "Command", "Command", "{CDC8254B-E162-4E87-851E-E948571BC7A2}"
EndProject
Project("{2150E333-8FDC-42A3-9474-1A3956D46DE8}") = "Query", "Query", "{4C9B4E0D-CBE2-4F6D-ABE6-4AA1B5EC5409}"
EndProject
Project("{9A19103F-16F7-4668-BE54-9A1E7A4F7556}") = "Banking.CQRS.Core", "Banking.CQRS.Core\Banking.CQRS.Core.csproj", "{99E85343-A795-4998-8659-E9ABCCD8DDC5}"
EndProject
Project("{2150E333-8FDC-42A3-9474-1A3956D46DE8}") = "Api", "Api", "{882624E0-6487-4901-B522-EEA50767124C}"
EndProject
Project("{2150E333-8FDC-42A3-9474-1A3956D46DE8}") = "Application", "Application", "{9935D89E-015E-4362-8FF1-0D923B0C835E}"
EndProject
Project("{2150E333-8FDC-42A3-9474-1A3956D46DE8}") = "Infrastructure", "Infrastructure", "{CFFFEA4F-8B18-4C5E-971C-99D5D58ED08D}"
EndProject
Project("{2150E333-8FDC-42A3-9474-1A3956D46DE8}") = "Domain", "Domain", "{5612F5A4-A78B-4CB9-B6C9-714413A27D91}"
EndProject
Project("{9A19103F-16F7-4668-BE54-9A1E7A4F7556}") = "Banking.Account.Command.Domain", "Banking.Account.Command.Domain\Banking.Account.Command.Domain.csproj", "{EC2FE1EB-9896-4621-B63A-041E15FC90DE}"
EndProject
Project("{9A19103F-16F7-4668-BE54-9A1E7A4F7556}") = "Banking.Account.Command.Application", "Banking.Account.Command.Application\Banking.Account.Command.Application.csproj", "{153BB052-9ED5-4743-B703-AB5042611FB2}"
EndProject
Project("{9A19103F-16F7-4668-BE54-9A1E7A4F7556}") = "Banking.Account.Command.Infrastructure", "Banking.Account.Command.Infrastructure\Banking.Account.Command.Infrastructure.csproj", "{349C26E6-B660-4319-BD20-77F35993937E}"
EndProject
Project("{9A19103F-16F7-4668-BE54-9A1E7A4F7556}") = "Banking.Account.Command.Api", "Banking.Account.Command.Api\Banking.Account.Command.Api.csproj", "{182428F0-9F25-4E68-8B8F-3B27A8439D14}"
EndProject
Project("{2150E333-8FDC-42A3-9474-1A3956D46DE8}") = "Api", "Api", "{76C65279-DD5D-4F17-A339-07508DE89B2F}"
EndProject
Project("{2150E333-8FDC-42A3-9474-1A3956D46DE8}") = "Application", "Application", "{54EC8CBC-B90A-4E56-93D4-09F979587E9E}"
EndProject
Project("{2150E333-8FDC-42A3-9474-1A3956D46DE8}") = "Domain", "Domain", "{6B374A82-37AD-4B31-A0B3-50843AF23BFC}"
EndProject
Project("{2150E333-8FDC-42A3-9474-1A3956D46DE8}") = "Infrastructure", "Infrastructure", "{4C9CC99B-AFD4-4096-AFF3-FDBC2B6139F1}"
EndProject
Project("{2150E333-8FDC-42A3-9474-1A3956D46DE8}") = "Consumer", "Consumer", "{4EC7E42B-FD0D-4B53-A1D2-AC4D4B9323B7}"
EndProject
Project("{9A19103F-16F7-4668-BE54-9A1E7A4F7556}") = "Banking.Account.Query.Domain", "banking.Account.Query.Domain\Banking.Account.Query.Domain.csproj", "{6F015D8E-A7FB-4B79-96A2-03AE052157E6}"
EndProject
Project("{9A19103F-16F7-4668-BE54-9A1E7A4F7556}") = "Banking.Account.Query.Application", "Banking.Account.Query.Application\Banking.Account.Query.Application.csproj", "{68CC9134-A823-4143-89A2-5B0FB2896BE1}"
EndProject
Project("{FAE04EC0-301F-11D3-BF4B-00C04F79EFBC}") = "Banking.Account.Query.Infrastructure", "Banking.Account.Query.Infrastructure\Banking.Account.Query.Infrastructure.csproj", "{5650886A-FF3B-4302-A03F-ABA00AB09253}"
EndProject
Project("{FAE04EC0-301F-11D3-BF4B-00C04F79EFBC}") = "Banking.Account.Query.Api", "Banking.Account.Query.Api\Banking.Account.Query.Api.csproj", "{4B9EA94E-6212-4DA7-BD4D-07A3BA9422B3}"
EndProject
Project("{FAE04EC0-301F-11D3-BF4B-00C04F79EFBC}") = "Banking.Account.Query.Consumer", "Banking.Account.Query.Consumer\Banking.Account.Query.Consumer.csproj", "{58383343-9C57-41F0-9584-01152518450E}"
EndProject
Global
	GlobalSection(SolutionConfigurationPlatforms) = preSolution
		Debug|Any CPU = Debug|Any CPU
		Release|Any CPU = Release|Any CPU
	EndGlobalSection
	GlobalSection(ProjectConfigurationPlatforms) = postSolution
		{99E85343-A795-4998-8659-E9ABCCD8DDC5}.Debug|Any CPU.ActiveCfg = Debug|Any CPU
		{99E85343-A795-4998-8659-E9ABCCD8DDC5}.Debug|Any CPU.Build.0 = Debug|Any CPU
		{99E85343-A795-4998-8659-E9ABCCD8DDC5}.Release|Any CPU.ActiveCfg = Release|Any CPU
		{99E85343-A795-4998-8659-E9ABCCD8DDC5}.Release|Any CPU.Build.0 = Release|Any CPU
		{EC2FE1EB-9896-4621-B63A-041E15FC90DE}.Debug|Any CPU.ActiveCfg = Debug|Any CPU
		{EC2FE1EB-9896-4621-B63A-041E15FC90DE}.Debug|Any CPU.Build.0 = Debug|Any CPU
		{EC2FE1EB-9896-4621-B63A-041E15FC90DE}.Release|Any CPU.ActiveCfg = Release|Any CPU
		{EC2FE1EB-9896-4621-B63A-041E15FC90DE}.Release|Any CPU.Build.0 = Release|Any CPU
		{153BB052-9ED5-4743-B703-AB5042611FB2}.Debug|Any CPU.ActiveCfg = Debug|Any CPU
		{153BB052-9ED5-4743-B703-AB5042611FB2}.Debug|Any CPU.Build.0 = Debug|Any CPU
		{153BB052-9ED5-4743-B703-AB5042611FB2}.Release|Any CPU.ActiveCfg = Release|Any CPU
		{153BB052-9ED5-4743-B703-AB5042611FB2}.Release|Any CPU.Build.0 = Release|Any CPU
		{349C26E6-B660-4319-BD20-77F35993937E}.Debug|Any CPU.ActiveCfg = Debug|Any CPU
		{349C26E6-B660-4319-BD20-77F35993937E}.Debug|Any CPU.Build.0 = Debug|Any CPU
		{349C26E6-B660-4319-BD20-77F35993937E}.Release|Any CPU.ActiveCfg = Release|Any CPU
		{349C26E6-B660-4319-BD20-77F35993937E}.Release|Any CPU.Build.0 = Release|Any CPU
		{182428F0-9F25-4E68-8B8F-3B27A8439D14}.Debug|Any CPU.ActiveCfg = Debug|Any CPU
		{182428F0-9F25-4E68-8B8F-3B27A8439D14}.Debug|Any CPU.Build.0 = Debug|Any CPU
		{182428F0-9F25-4E68-8B8F-3B27A8439D14}.Release|Any CPU.ActiveCfg = Release|Any CPU
		{182428F0-9F25-4E68-8B8F-3B27A8439D14}.Release|Any CPU.Build.0 = Release|Any CPU
		{6F015D8E-A7FB-4B79-96A2-03AE052157E6}.Debug|Any CPU.ActiveCfg = Debug|Any CPU
		{6F015D8E-A7FB-4B79-96A2-03AE052157E6}.Debug|Any CPU.Build.0 = Debug|Any CPU
		{6F015D8E-A7FB-4B79-96A2-03AE052157E6}.Release|Any CPU.ActiveCfg = Release|Any CPU
		{6F015D8E-A7FB-4B79-96A2-03AE052157E6}.Release|Any CPU.Build.0 = Release|Any CPU
		{68CC9134-A823-4143-89A2-5B0FB2896BE1}.Debug|Any CPU.ActiveCfg = Debug|Any CPU
		{68CC9134-A823-4143-89A2-5B0FB2896BE1}.Debug|Any CPU.Build.0 = Debug|Any CPU
		{68CC9134-A823-4143-89A2-5B0FB2896BE1}.Release|Any CPU.ActiveCfg = Release|Any CPU
		{68CC9134-A823-4143-89A2-5B0FB2896BE1}.Release|Any CPU.Build.0 = Release|Any CPU
		{5650886A-FF3B-4302-A03F-ABA00AB09253}.Debug|Any CPU.ActiveCfg = Debug|Any CPU
		{5650886A-FF3B-4302-A03F-ABA00AB09253}.Debug|Any CPU.Build.0 = Debug|Any CPU
		{5650886A-FF3B-4302-A03F-ABA00AB09253}.Release|Any CPU.ActiveCfg = Release|Any CPU
		{5650886A-FF3B-4302-A03F-ABA00AB09253}.Release|Any CPU.Build.0 = Release|Any CPU
		{4B9EA94E-6212-4DA7-BD4D-07A3BA9422B3}.Debug|Any CPU.ActiveCfg = Debug|Any CPU
		{4B9EA94E-6212-4DA7-BD4D-07A3BA9422B3}.Debug|Any CPU.Build.0 = Debug|Any CPU
		{4B9EA94E-6212-4DA7-BD4D-07A3BA9422B3}.Release|Any CPU.ActiveCfg = Release|Any CPU
		{4B9EA94E-6212-4DA7-BD4D-07A3BA9422B3}.Release|Any CPU.Build.0 = Release|Any CPU
		{58383343-9C57-41F0-9584-01152518450E}.Debug|Any CPU.ActiveCfg = Debug|Any CPU
		{58383343-9C57-41F0-9584-01152518450E}.Debug|Any CPU.Build.0 = Debug|Any CPU
		{58383343-9C57-41F0-9584-01152518450E}.Release|Any CPU.ActiveCfg = Release|Any CPU
		{58383343-9C57-41F0-9584-01152518450E}.Release|Any CPU.Build.0 = Release|Any CPU
	EndGlobalSection
	GlobalSection(SolutionProperties) = preSolution
		HideSolutionNode = FALSE
	EndGlobalSection
	GlobalSection(NestedProjects) = preSolution
		{1E7A62E1-3617-4915-9617-782B2DB2DB35} = {871D323D-B714-4A54-990D-80FD3D933EFD}
		{CDC8254B-E162-4E87-851E-E948571BC7A2} = {1E7A62E1-3617-4915-9617-782B2DB2DB35}
		{4C9B4E0D-CBE2-4F6D-ABE6-4AA1B5EC5409} = {1E7A62E1-3617-4915-9617-782B2DB2DB35}
		{99E85343-A795-4998-8659-E9ABCCD8DDC5} = {5649081D-B9DA-4E3D-A61B-DCE1E5180478}
		{882624E0-6487-4901-B522-EEA50767124C} = {CDC8254B-E162-4E87-851E-E948571BC7A2}
		{9935D89E-015E-4362-8FF1-0D923B0C835E} = {CDC8254B-E162-4E87-851E-E948571BC7A2}
		{CFFFEA4F-8B18-4C5E-971C-99D5D58ED08D} = {CDC8254B-E162-4E87-851E-E948571BC7A2}
		{5612F5A4-A78B-4CB9-B6C9-714413A27D91} = {CDC8254B-E162-4E87-851E-E948571BC7A2}
		{EC2FE1EB-9896-4621-B63A-041E15FC90DE} = {5612F5A4-A78B-4CB9-B6C9-714413A27D91}
		{153BB052-9ED5-4743-B703-AB5042611FB2} = {9935D89E-015E-4362-8FF1-0D923B0C835E}
		{349C26E6-B660-4319-BD20-77F35993937E} = {CFFFEA4F-8B18-4C5E-971C-99D5D58ED08D}
		{182428F0-9F25-4E68-8B8F-3B27A8439D14} = {882624E0-6487-4901-B522-EEA50767124C}
		{76C65279-DD5D-4F17-A339-07508DE89B2F} = {4C9B4E0D-CBE2-4F6D-ABE6-4AA1B5EC5409}
		{54EC8CBC-B90A-4E56-93D4-09F979587E9E} = {4C9B4E0D-CBE2-4F6D-ABE6-4AA1B5EC5409}
		{6B374A82-37AD-4B31-A0B3-50843AF23BFC} = {4C9B4E0D-CBE2-4F6D-ABE6-4AA1B5EC5409}
		{4C9CC99B-AFD4-4096-AFF3-FDBC2B6139F1} = {4C9B4E0D-CBE2-4F6D-ABE6-4AA1B5EC5409}
		{4EC7E42B-FD0D-4B53-A1D2-AC4D4B9323B7} = {4C9B4E0D-CBE2-4F6D-ABE6-4AA1B5EC5409}
		{6F015D8E-A7FB-4B79-96A2-03AE052157E6} = {6B374A82-37AD-4B31-A0B3-50843AF23BFC}
		{68CC9134-A823-4143-89A2-5B0FB2896BE1} = {54EC8CBC-B90A-4E56-93D4-09F979587E9E}
		{5650886A-FF3B-4302-A03F-ABA00AB09253} = {4C9CC99B-AFD4-4096-AFF3-FDBC2B6139F1}
		{4B9EA94E-6212-4DA7-BD4D-07A3BA9422B3} = {76C65279-DD5D-4F17-A339-07508DE89B2F}
		{58383343-9C57-41F0-9584-01152518450E} = {4EC7E42B-FD0D-4B53-A1D2-AC4D4B9323B7}
	EndGlobalSection
	GlobalSection(ExtensibilityGlobals) = postSolution
		SolutionGuid = {0DAC158A-BAD2-44F0-B1CE-F027B0FF61C2}
	EndGlobalSection
EndGlobal
